// !$*UTF8*$!
{
	archiveVersion = 1;
	classes = {
	};
	objectVersion = 50;
	objects = {

/* Begin PBXBuildFile section */
		E206F7E0233B05090005707C /* AppDelegate.swift in Sources */ = {isa = PBXBuildFile; fileRef = E206F7DF233B05090005707C /* AppDelegate.swift */; };
		E206F7E2233B05090005707C /* SceneDelegate.swift in Sources */ = {isa = PBXBuildFile; fileRef = E206F7E1233B05090005707C /* SceneDelegate.swift */; };
		E206F7E7233B05090005707C /* Main.storyboard in Resources */ = {isa = PBXBuildFile; fileRef = E206F7E5233B05090005707C /* Main.storyboard */; };
		E206F7E9233B050A0005707C /* Assets.xcassets in Resources */ = {isa = PBXBuildFile; fileRef = E206F7E8233B050A0005707C /* Assets.xcassets */; };
		E206F7EC233B050A0005707C /* LaunchScreen.storyboard in Resources */ = {isa = PBXBuildFile; fileRef = E206F7EA233B050A0005707C /* LaunchScreen.storyboard */; };
		E20A3F1223439C8C00198C75 /* BillVC.swift in Sources */ = {isa = PBXBuildFile; fileRef = E20A3F1123439C8C00198C75 /* BillVC.swift */; };
		E20A3F1423439ECA00198C75 /* InputVC.swift in Sources */ = {isa = PBXBuildFile; fileRef = E20A3F1323439ECA00198C75 /* InputVC.swift */; };
/* End PBXBuildFile section */

/* Begin PBXFileReference section */
		E206F7DC233B05090005707C /* HydroCalc.app */ = {isa = PBXFileReference; explicitFileType = wrapper.application; includeInIndex = 0; path = HydroCalc.app; sourceTree = BUILT_PRODUCTS_DIR; };
		E206F7DF233B05090005707C /* AppDelegate.swift */ = {isa = PBXFileReference; lastKnownFileType = sourcecode.swift; path = AppDelegate.swift; sourceTree = "<group>"; };
		E206F7E1233B05090005707C /* SceneDelegate.swift */ = {isa = PBXFileReference; lastKnownFileType = sourcecode.swift; path = SceneDelegate.swift; sourceTree = "<group>"; };
		E206F7E6233B05090005707C /* Base */ = {isa = PBXFileReference; lastKnownFileType = file.storyboard; name = Base; path = Base.lproj/Main.storyboard; sourceTree = "<group>"; };
		E206F7E8233B050A0005707C /* Assets.xcassets */ = {isa = PBXFileReference; lastKnownFileType = folder.assetcatalog; path = Assets.xcassets; sourceTree = "<group>"; };
		E206F7EB233B050A0005707C /* Base */ = {isa = PBXFileReference; lastKnownFileType = file.storyboard; name = Base; path = Base.lproj/LaunchScreen.storyboard; sourceTree = "<group>"; };
		E206F7ED233B050A0005707C /* Info.plist */ = {isa = PBXFileReference; lastKnownFileType = text.plist.xml; path = Info.plist; sourceTree = "<group>"; };
		E20A3F1123439C8C00198C75 /* BillVC.swift */ = {isa = PBXFileReference; lastKnownFileType = sourcecode.swift; path = BillVC.swift; sourceTree = "<group>"; };
		E20A3F1323439ECA00198C75 /* InputVC.swift */ = {isa = PBXFileReference; lastKnownFileType = sourcecode.swift; path = InputVC.swift; sourceTree = "<group>"; };
/* End PBXFileReference section */

/* Begin PBXFrameworksBuildPhase section */
		E206F7D9233B05090005707C /* Frameworks */ = {
			isa = PBXFrameworksBuildPhase;
			buildActionMask = 2147483647;
			files = (
			);
			runOnlyForDeploymentPostprocessing = 0;
		};
/* End PBXFrameworksBuildPhase section */

/* Begin PBXGroup section */
		E206F7D3233B05090005707C = {
			isa = PBXGroup;
			children = (
				E206F7DE233B05090005707C /* HydroCalc */,
				E206F7DD233B05090005707C /* Products */,
			);
			sourceTree = "<group>";
		};
		E206F7DD233B05090005707C /* Products */ = {
			isa = PBXGroup;
			children = (
				E206F7DC233B05090005707C /* HydroCalc.app */,
			);
			name = Products;
			sourceTree = "<group>";
		};
		E206F7DE233B05090005707C /* HydroCalc */ = {
			isa = PBXGroup;
			children = (
				E206F7DF233B05090005707C /* AppDelegate.swift */,
				E206F7E1233B05090005707C /* SceneDelegate.swift */,
				E206F7E5233B05090005707C /* Main.storyboard */,
				E206F7E8233B050A0005707C /* Assets.xcassets */,
				E206F7EA233B050A0005707C /* LaunchScreen.storyboard */,
				E206F7ED233B050A0005707C /* Info.plist */,
				E20A3F1123439C8C00198C75 /* BillVC.swift */,
				E20A3F1323439ECA00198C75 /* InputVC.swift */,
			);
			path = HydroCalc;
			sourceTree = "<group>";
		};
/* End PBXGroup section */

/* Begin PBXNativeTarget section */
		E206F7DB233B05090005707C /* HydroCalc */ = {
			isa = PBXNativeTarget;
			buildConfigurationList = E206F7F0233B050A0005707C /* Build configuration list for PBXNativeTarget "HydroCalc" */;
			buildPhases = (
				E206F7D8233B05090005707C /* Sources */,
				E206F7D9233B05090005707C /* Frameworks */,
				E206F7DA233B05090005707C /* Resources */,
			);
			buildRules = (
			);
			dependencies = (
			);
			name = HydroCalc;
			productName = HydroCalc;
			productReference = E206F7DC233B05090005707C /* HydroCalc.app */;
			productType = "com.apple.product-type.application";
		};
/* End PBXNativeTarget section */

/* Begin PBXProject section */
		E206F7D4233B05090005707C /* Project object */ = {
			isa = PBXProject;
			attributes = {
				LastSwiftUpdateCheck = 1100;
				LastUpgradeCheck = 1100;
				ORGANIZATIONNAME = "Tomas Peranic";
				TargetAttributes = {
					E206F7DB233B05090005707C = {
						CreatedOnToolsVersion = 11.0;
					};
				};
			};
			buildConfigurationList = E206F7D7233B05090005707C /* Build configuration list for PBXProject "HydroCalc" */;
			compatibilityVersion = "Xcode 9.3";
			developmentRegion = en;
			hasScannedForEncodings = 0;
			knownRegions = (
				en,
				Base,
			);
			mainGroup = E206F7D3233B05090005707C;
			productRefGroup = E206F7DD233B05090005707C /* Products */;
			projectDirPath = "";
			projectRoot = "";
			targets = (
				E206F7DB233B05090005707C /* HydroCalc */,
			);
		};
/* End PBXProject section */

/* Begin PBXResourcesBuildPhase section */
		E206F7DA233B05090005707C /* Resources */ = {
			isa = PBXResourcesBuildPhase;
			buildActionMask = 2147483647;
			files = (
				E206F7EC233B050A0005707C /* LaunchScreen.storyboard in Resources */,
				E206F7E9233B050A0005707C /* Assets.xcassets in Resources */,
				E206F7E7233B05090005707C /* Main.storyboard in Resources */,
			);
			runOnlyForDeploymentPostprocessing = 0;
		};
/* End PBXResourcesBuildPhase section */

/* Begin PBXSourcesBuildPhase section */
		E206F7D8233B05090005707C /* Sources */ = {
			isa = PBXSourcesBuildPhase;
			buildActionMask = 2147483647;
			files = (
				E20A3F1423439ECA00198C75 /* InputVC.swift in Sources */,
				E206F7E0233B05090005707C /* AppDelegate.swift in Sources */,
				E206F7E2233B05090005707C /* SceneDelegate.swift in Sources */,
				E20A3F1223439C8C00198C75 /* BillVC.swift in Sources */,
			);
			runOnlyForDeploymentPostprocessing = 0;
		};
/* End PBXSourcesBuildPhase section */

/* Begin PBXVariantGroup section */
		E206F7E5233B05090005707C /* Main.storyboard */ = {
			isa = PBXVariantGroup;
			children = (
				E206F7E6233B05090005707C /* Base */,
			);
			name = Main.storyboard;
			sourceTree = "<group>";
		};
		E206F7EA233B050A0005707C /* LaunchScreen.storyboard */ = {
			isa = PBXVariantGroup;
			children = (
				E206F7EB233B050A0005707C /* Base */,
			);
			name = LaunchScreen.storyboard;
			sourceTree = "<group>";
		};
/* End PBXVariantGroup section */

/* Begin XCBuildConfiguration section */
		E206F7EE233B050A0005707C /* Debug */ = {
			isa = XCBuildConfiguration;
			buildSettings = {
				ALWAYS_SEARCH_USER_PATHS = NO;
				CLANG_ANALYZER_NONNULL = YES;
				CLANG_ANALYZER_NUMBER_OBJECT_CONVERSION = YES_AGGRESSIVE;
				CLANG_CXX_LANGUAGE_STANDARD = "gnu++14";
				CLANG_CXX_LIBRARY = "libc++";
				CLANG_ENABLE_MODULES = YES;
				CLANG_ENABLE_OBJC_ARC = YES;
				CLANG_ENABLE_OBJC_WEAK = YES;
				CLANG_WARN_BLOCK_CAPTURE_AUTORELEASING = YES;
				CLANG_WARN_BOOL_CONVERSION = YES;
				CLANG_WARN_COMMA = YES;
				CLANG_WARN_CONSTANT_CONVERSION = YES;
				CLANG_WARN_DEPRECATED_OBJC_IMPLEMENTATIONS = YES;
				CLANG_WARN_DIRECT_OBJC_ISA_USAGE = YES_ERROR;
				CLANG_WARN_DOCUMENTATION_COMMENTS = YES;
				CLANG_WARN_EMPTY_BODY = YES;
				CLANG_WARN_ENUM_CONVERSION = YES;
				CLANG_WARN_INFINITE_RECURSION = YES;
				CLANG_WARN_INT_CONVERSION = YES;
				CLANG_WARN_NON_LITERAL_NULL_CONVERSION = YES;
				CLANG_WARN_OBJC_IMPLICIT_RETAIN_SELF = YES;
				CLANG_WARN_OBJC_LITERAL_CONVERSION = YES;
				CLANG_WARN_OBJC_ROOT_CLASS = YES_ERROR;
				CLANG_WARN_RANGE_LOOP_ANALYSIS = YES;
				CLANG_WARN_STRICT_PROTOTYPES = YES;
				CLANG_WARN_SUSPICIOUS_MOVE = YES;
				CLANG_WARN_UNGUARDED_AVAILABILITY = YES_AGGRESSIVE;
				CLANG_WARN_UNREACHABLE_CODE = YES;
				CLANG_WARN__DUPLICATE_METHOD_MATCH = YES;
				COPY_PHASE_STRIP = NO;
				DEBUG_INFORMATION_FORMAT = dwarf;
				ENABLE_STRICT_OBJC_MSGSEND = YES;
				ENABLE_TESTABILITY = YES;
				GCC_C_LANGUAGE_STANDARD = gnu11;
				GCC_DYNAMIC_NO_PIC = NO;
				GCC_NO_COMMON_BLOCKS = YES;
				GCC_OPTIMIZATION_LEVEL = 0;
				GCC_PREPROCESSOR_DEFINITIONS = (
					"DEBUG=1",
					"$(inherited)",
				);
				GCC_WARN_64_TO_32_BIT_CONVERSION = YES;
				GCC_WARN_ABOUT_RETURN_TYPE = YES_ERROR;
				GCC_WARN_UNDECLARED_SELECTOR = YES;
				GCC_WARN_UNINITIALIZED_AUTOS = YES_AGGRESSIVE;
				GCC_WARN_UNUSED_FUNCTION = YES;
				GCC_WARN_UNUSED_VARIABLE = YES;
				IPHONEOS_DEPLOYMENT_TARGET = 13.0;
				MTL_ENABLE_DEBUG_INFO = INCLUDE_SOURCE;
				MTL_FAST_MATH = YES;
				ONLY_ACTIVE_ARCH = YES;
				SDKROOT = iphoneos;
				SWIFT_ACTIVE_COMPILATION_CONDITIONS = DEBUG;
				SWIFT_OPTIMIZATION_LEVEL = "-Onone";
			};
			name = Debug;
		};
		E206F7EF233B050A0005707C /* Release */ = {
			isa = XCBuildConfiguration;
			buildSettings = {
				ALWAYS_SEARCH_USER_PATHS = NO;
				CLANG_ANALYZER_NONNULL = YES;
				CLANG_ANALYZER_NUMBER_OBJECT_CONVERSION = YES_AGGRESSIVE;
				CLANG_CXX_LANGUAGE_STANDARD = "gnu++14";
				CLANG_CXX_LIBRARY = "libc++";
				CLANG_ENABLE_MODULES = YES;
				CLANG_ENABLE_OBJC_ARC = YES;
				CLANG_ENABLE_OBJC_WEAK = YES;
				CLANG_WARN_BLOCK_CAPTURE_AUTORELEASING = YES;
				CLANG_WARN_BOOL_CONVERSION = YES;
				CLANG_WARN_COMMA = YES;
				CLANG_WARN_CONSTANT_CONVERSION = YES;
				CLANG_WARN_DEPRECATED_OBJC_IMPLEMENTATIONS = YES;
				CLANG_WARN_DIRECT_OBJC_ISA_USAGE = YES_ERROR;
				CLANG_WARN_DOCUMENTATION_COMMENTS = YES;
				CLANG_WARN_EMPTY_BODY = YES;
				CLANG_WARN_ENUM_CONVERSION = YES;
				CLANG_WARN_INFINITE_RECURSION = YES;
				CLANG_WARN_INT_CONVERSION = YES;
				CLANG_WARN_NON_LITERAL_NULL_CONVERSION = YES;
				CLANG_WARN_OBJC_IMPLICIT_RETAIN_SELF = YES;
				CLANG_WARN_OBJC_LITERAL_CONVERSION = YES;
				CLANG_WARN_OBJC_ROOT_CLASS = YES_ERROR;
				CLANG_WARN_RANGE_LOOP_ANALYSIS = YES;
				CLANG_WARN_STRICT_PROTOTYPES = YES;
				CLANG_WARN_SUSPICIOUS_MOVE = YES;
				CLANG_WARN_UNGUARDED_AVAILABILITY = YES_AGGRESSIVE;
				CLANG_WARN_UNREACHABLE_CODE = YES;
				CLANG_WARN__DUPLICATE_METHOD_MATCH = YES;
				COPY_PHASE_STRIP = NO;
				DEBUG_INFORMATION_FORMAT = "dwarf-with-dsym";
				ENABLE_NS_ASSERTIONS = NO;
				ENABLE_STRICT_OBJC_MSGSEND = YES;
				GCC_C_LANGUAGE_STANDARD = gnu11;
				GCC_NO_COMMON_BLOCKS = YES;
				GCC_WARN_64_TO_32_BIT_CONVERSION = YES;
				GCC_WARN_ABOUT_RETURN_TYPE = YES_ERROR;
				GCC_WARN_UNDECLARED_SELECTOR = YES;
				GCC_WARN_UNINITIALIZED_AUTOS = YES_AGGRESSIVE;
				GCC_WARN_UNUSED_FUNCTION = YES;
				GCC_WARN_UNUSED_VARIABLE = YES;
				IPHONEOS_DEPLOYMENT_TARGET = 13.0;
				MTL_ENABLE_DEBUG_INFO = NO;
				MTL_FAST_MATH = YES;
				SDKROOT = iphoneos;
				SWIFT_COMPILATION_MODE = wholemodule;
				SWIFT_OPTIMIZATION_LEVEL = "-O";
				VALIDATE_PRODUCT = YES;
			};
			name = Release;
		};
		E206F7F1233B050A0005707C /* Debug */ = {
			isa = XCBuildConfiguration;
			buildSettings = {
				ASSETCATALOG_COMPILER_APPICON_NAME = AppIcon;
				CODE_SIGN_STYLE = Automatic;
				DEVELOPMENT_TEAM = 7334LCHUE6;
				INFOPLIST_FILE = HydroCalc/Info.plist;
				LD_RUNPATH_SEARCH_PATHS = (
					"$(inherited)",
					"@executable_path/Frameworks",
				);
				PRODUCT_BUNDLE_IDENTIFIER = com.tomas.HydroCalc;
				PRODUCT_NAME = "$(TARGET_NAME)";
				SWIFT_VERSION = 5.0;
				TARGETED_DEVICE_FAMILY = "1,2";
			};
			name = Debug;
		};
		E206F7F2233B050A0005707C /* Release */ = {
			isa = XCBuildConfiguration;
			buildSettings = {
				ASSETCATALOG_COMPILER_APPICON_NAME = AppIcon;
				CODE_SIGN_STYLE = Automatic;
				DEVELOPMENT_TEAM = 7334LCHUE6;
				INFOPLIST_FILE = HydroCalc/Info.plist;
				LD_RUNPATH_SEARCH_PATHS = (
					"$(inherited)",
					"@executable_path/Frameworks",
				);
				PRODUCT_BUNDLE_IDENTIFIER = com.tomas.HydroCalc;
				PRODUCT_NAME = "$(TARGET_NAME)";
				SWIFT_VERSION = 5.0;
				TARGETED_DEVICE_FAMILY = "1,2";
			};
			name = Release;
		};
/* End XCBuildConfiguration section */

/* Begin XCConfigurationList section */
		E206F7D7233B05090005707C /* Build configuration list for PBXProject "HydroCalc" */ = {
			isa = XCConfigurationList;
			buildConfigurations = (
				E206F7EE233B050A0005707C /* Debug */,
				E206F7EF233B050A0005707C /* Release */,
			);
			defaultConfigurationIsVisible = 0;
			defaultConfigurationName = Release;
		};
		E206F7F0233B050A0005707C /* Build configuration list for PBXNativeTarget "HydroCalc" */ = {
			isa = XCConfigurationList;
			buildConfigurations = (
				E206F7F1233B050A0005707C /* Debug */,
				E206F7F2233B050A0005707C /* Release */,
			);
			defaultConfigurationIsVisible = 0;
			defaultConfigurationName = Release;
		};
/* End XCConfigurationList section */
	};
	rootObject = E206F7D4233B05090005707C /* Project object */;
}
